
Microsoft Visual Studio Solution File, Format Version 12.00
# Visual Studio 15
VisualStudioVersion = 15.0.28010.2016
MinimumVisualStudioVersion = 10.0.40219.1
Project("{FAE04EC0-301F-11D3-BF4B-00C04F79EFBC}") = "EticaretSitesi", "EticaretSitesi\EticaretSitesi.csproj", "{3CB63244-CA4E-4097-8E6B-66D55757A5AA}"
EndProject
Global
	GlobalSection(SolutionConfigurationPlatforms) = preSolution
		Debug|Any CPU = Debug|Any CPU
		Release|Any CPU = Release|Any CPU
	EndGlobalSection
	GlobalSection(ProjectConfigurationPlatforms) = postSolution
		{3CB63244-CA4E-4097-8E6B-66D55757A5AA}.Debug|Any CPU.ActiveCfg = Debug|Any CPU
		{3CB63244-CA4E-4097-8E6B-66D55757A5AA}.Debug|Any CPU.Build.0 = Debug|Any CPU
		{3CB63244-CA4E-4097-8E6B-66D55757A5AA}.Release|Any CPU.ActiveCfg = Release|Any CPU
		{3CB63244-CA4E-4097-8E6B-66D55757A5AA}.Release|Any CPU.Build.0 = Release|Any CPU
	EndGlobalSection
	GlobalSection(SolutionProperties) = preSolution
		HideSolutionNode = FALSE
	EndGlobalSection
	GlobalSection(ExtensibilityGlobals) = postSolution
		SolutionGuid = {5A26588A-084F-4C37-9DFD-1AF66FDBCD51}
	EndGlobalSection
EndGlobal
